
Microsoft Visual Studio Solution File, Format Version 12.00
# Visual Studio 2012
Project("{2857B73E-F847-4B02-9238-064979017E93}") = "quartz", "quartz\quartz.cproj", "{780F1D1A-6D6F-4AC7-AC73-02528EA73A15}"
EndProject
Global
	GlobalSection(SolutionConfigurationPlatforms) = preSolution
		Debug|Any CPU = Debug|Any CPU
		Release|Any CPU = Release|Any CPU
	EndGlobalSection
	GlobalSection(ProjectConfigurationPlatforms) = postSolution
		{780F1D1A-6D6F-4AC7-AC73-02528EA73A15}.Debug|Any CPU.ActiveCfg = Debug|Any CPU
		{780F1D1A-6D6F-4AC7-AC73-02528EA73A15}.Debug|Any CPU.Build.0 = Debug|Any CPU
		{780F1D1A-6D6F-4AC7-AC73-02528EA73A15}.Release|Any CPU.ActiveCfg = Release|Any CPU
		{780F1D1A-6D6F-4AC7-AC73-02528EA73A15}.Release|Any CPU.Build.0 = Release|Any CPU
	EndGlobalSection
EndGlobal
